PODS:
  - FlutterMacOS (1.0.0)
  - mrt_native_support (0.0.1):
    - FlutterMacOS

DEPENDENCIES:
  - FlutterMacOS (from `Flutter/ephemeral`)
  - mrt_native_support (from `Flutter/ephemeral/.symlinks/plugins/mrt_native_support/macos`)

EXTERNAL SOURCES:
  FlutterMacOS:
    :path: Flutter/ephemeral
  mrt_native_support:
    :path: Flutter/ephemeral/.symlinks/plugins/mrt_native_support/macos

SPEC CHECKSUMS:
  FlutterMacOS: 8f6f14fa908a6fb3fba0cd85dbd81ec4b251fb24
  mrt_native_support: 7bb83f9c9bddc8ae032e92944c2c4ddfbb21bc17

PODFILE CHECKSUM: 236401fc2c932af29a9fcf0e97baeeb2d750d367

COCOAPODS: 1.15.2
